
Microsoft Visual Studio Solution File, Format Version 12.00
# Visual Studio Version 16
VisualStudioVersion = 16.0.30225.117
MinimumVisualStudioVersion = 10.0.40219.1
Project("{FAE04EC0-301F-11D3-BF4B-00C04F79EFBC}") = "CSVRowCount", "CSVRowCount.csproj", "{13195EEC-F9A1-461F-B3D8-09BE03A9E1A5}"
EndProject
Global
	GlobalSection(SolutionConfigurationPlatforms) = preSolution
		Debug|Any CPU = Debug|Any CPU
		Release|Any CPU = Release|Any CPU
	EndGlobalSection
	GlobalSection(ProjectConfigurationPlatforms) = postSolution
		{13195EEC-F9A1-461F-B3D8-09BE03A9E1A5}.Debug|Any CPU.ActiveCfg = Debug|Any CPU
		{13195EEC-F9A1-461F-B3D8-09BE03A9E1A5}.Debug|Any CPU.Build.0 = Debug|Any CPU
		{13195EEC-F9A1-461F-B3D8-09BE03A9E1A5}.Release|Any CPU.ActiveCfg = Release|Any CPU
		{13195EEC-F9A1-461F-B3D8-09BE03A9E1A5}.Release|Any CPU.Build.0 = Release|Any CPU
	EndGlobalSection
	GlobalSection(SolutionProperties) = preSolution
		HideSolutionNode = FALSE
	EndGlobalSection
	GlobalSection(ExtensibilityGlobals) = postSolution
		SolutionGuid = {D3E5421C-80E8-4284-B62A-FE2281E8C407}
	EndGlobalSection
EndGlobal
